
Microsoft Visual Studio Solution File, Format Version 12.00
# Visual Studio Version 16
VisualStudioVersion = 16.0.30517.126
MinimumVisualStudioVersion = 10.0.40219.1
Project("{FAE04EC0-301F-11D3-BF4B-00C04F79EFBC}") = "DOUBLER", "DOUBLER\DOUBLER.csproj", "{06434F06-C190-4422-8554-A3D67FE30735}"
EndProject
Global
	GlobalSection(SolutionConfigurationPlatforms) = preSolution
		Debug|Any CPU = Debug|Any CPU
		Release|Any CPU = Release|Any CPU
	EndGlobalSection
	GlobalSection(ProjectConfigurationPlatforms) = postSolution
		{06434F06-C190-4422-8554-A3D67FE30735}.Debug|Any CPU.ActiveCfg = Debug|Any CPU
		{06434F06-C190-4422-8554-A3D67FE30735}.Debug|Any CPU.Build.0 = Debug|Any CPU
		{06434F06-C190-4422-8554-A3D67FE30735}.Release|Any CPU.ActiveCfg = Release|Any CPU
		{06434F06-C190-4422-8554-A3D67FE30735}.Release|Any CPU.Build.0 = Release|Any CPU
	EndGlobalSection
	GlobalSection(SolutionProperties) = preSolution
		HideSolutionNode = FALSE
	EndGlobalSection
	GlobalSection(ExtensibilityGlobals) = postSolution
		SolutionGuid = {CECA1593-10DD-4C5B-96A9-AEEB7E265155}
	EndGlobalSection
EndGlobal
