
Microsoft Visual Studio Solution File, Format Version 12.00
# Visual Studio Version 16
VisualStudioVersion = 16.0.30517.126
MinimumVisualStudioVersion = 10.0.40219.1
Project("{FAE04EC0-301F-11D3-BF4B-00C04F79EFBC}") = "SUPER STRING", "SUPER STRING\SUPER STRING.csproj", "{3E9F4005-FF0F-45FE-83DF-80BD35332865}"
EndProject
Global
	GlobalSection(SolutionConfigurationPlatforms) = preSolution
		Debug|Any CPU = Debug|Any CPU
		Release|Any CPU = Release|Any CPU
	EndGlobalSection
	GlobalSection(ProjectConfigurationPlatforms) = postSolution
		{3E9F4005-FF0F-45FE-83DF-80BD35332865}.Debug|Any CPU.ActiveCfg = Debug|Any CPU
		{3E9F4005-FF0F-45FE-83DF-80BD35332865}.Debug|Any CPU.Build.0 = Debug|Any CPU
		{3E9F4005-FF0F-45FE-83DF-80BD35332865}.Release|Any CPU.ActiveCfg = Release|Any CPU
		{3E9F4005-FF0F-45FE-83DF-80BD35332865}.Release|Any CPU.Build.0 = Release|Any CPU
	EndGlobalSection
	GlobalSection(SolutionProperties) = preSolution
		HideSolutionNode = FALSE
	EndGlobalSection
	GlobalSection(ExtensibilityGlobals) = postSolution
		SolutionGuid = {608974CB-4CE3-4942-8FDE-A8243CB52344}
	EndGlobalSection
EndGlobal
