
Microsoft Visual Studio Solution File, Format Version 12.00
# Visual Studio Version 16
VisualStudioVersion = 16.0.30517.126
MinimumVisualStudioVersion = 10.0.40219.1
Project("{FAE04EC0-301F-11D3-BF4B-00C04F79EFBC}") = "SUPER ARRAY", "SUPER ARRAY\SUPER ARRAY.csproj", "{3F1C6328-DD67-48EF-B11C-8F9726907EF4}"
EndProject
Global
	GlobalSection(SolutionConfigurationPlatforms) = preSolution
		Debug|Any CPU = Debug|Any CPU
		Release|Any CPU = Release|Any CPU
	EndGlobalSection
	GlobalSection(ProjectConfigurationPlatforms) = postSolution
		{3F1C6328-DD67-48EF-B11C-8F9726907EF4}.Debug|Any CPU.ActiveCfg = Debug|Any CPU
		{3F1C6328-DD67-48EF-B11C-8F9726907EF4}.Debug|Any CPU.Build.0 = Debug|Any CPU
		{3F1C6328-DD67-48EF-B11C-8F9726907EF4}.Release|Any CPU.ActiveCfg = Release|Any CPU
		{3F1C6328-DD67-48EF-B11C-8F9726907EF4}.Release|Any CPU.Build.0 = Release|Any CPU
	EndGlobalSection
	GlobalSection(SolutionProperties) = preSolution
		HideSolutionNode = FALSE
	EndGlobalSection
	GlobalSection(ExtensibilityGlobals) = postSolution
		SolutionGuid = {EC76519A-8F97-4222-AC5F-8F32A7433409}
	EndGlobalSection
EndGlobal
